
Microsoft Visual Studio Solution File, Format Version 12.00
# Visual Studio Version 16
VisualStudioVersion = 16.0.28803.352
MinimumVisualStudioVersion = 10.0.40219.1
Project("{FAE04EC0-301F-11D3-BF4B-00C04F79EFBC}") = "InventorHelperLib", "InventorHelperLib\InventorHelperLib.csproj", "{FD2A8207-CC5D-4D6D-B3DB-14D47FF4DD22}"
EndProject
Global
	GlobalSection(SolutionConfigurationPlatforms) = preSolution
		Debug|Any CPU = Debug|Any CPU
		Release|Any CPU = Release|Any CPU
	EndGlobalSection
	GlobalSection(ProjectConfigurationPlatforms) = postSolution
		{FD2A8207-CC5D-4D6D-B3DB-14D47FF4DD22}.Debug|Any CPU.ActiveCfg = Debug|Any CPU
		{FD2A8207-CC5D-4D6D-B3DB-14D47FF4DD22}.Debug|Any CPU.Build.0 = Debug|Any CPU
		{FD2A8207-CC5D-4D6D-B3DB-14D47FF4DD22}.Release|Any CPU.ActiveCfg = Release|Any CPU
		{FD2A8207-CC5D-4D6D-B3DB-14D47FF4DD22}.Release|Any CPU.Build.0 = Release|Any CPU
	EndGlobalSection
	GlobalSection(SolutionProperties) = preSolution
		HideSolutionNode = FALSE
	EndGlobalSection
	GlobalSection(ExtensibilityGlobals) = postSolution
		SolutionGuid = {730AC648-BE0E-4CD7-A905-39EECD0F0491}
	EndGlobalSection
EndGlobal
